PODS:
  - ObjectiveSugar (1.1.0)
  - Toast (2.4)
  - TTTAttributedLabel (1.2.2)

DEPENDENCIES:
  - ObjectiveSugar
  - Toast (~> 2.4)
  - TTTAttributedLabel (~> 1.2.1)

SPEC CHECKSUMS:
  ObjectiveSugar: f48793f5902c77cfc02a4ce46d2e8ecddcad4dc2
  Toast: 6a3c2b1d70e426b26d130971c369670eac7aa9ce
  TTTAttributedLabel: c6ce0abc06f0cddf8fde74ca858793ddd3e1c5b9

COCOAPODS: 0.35.0
