// !$*UTF8*$!
{
	archiveVersion = 1;
	classes = {
	};
	objectVersion = 46;
	objects = {

/* Begin PBXBuildFile section */
		39533B23739B397524FC8E7B /* libPods.a in Frameworks */ = {isa = PBXBuildFile; fileRef = DDEC3D75D486DCC06D14CC66 /* libPods.a */; };
		F43E1A591A9F51F500EE944D /* header_logo.png in Resources */ = {isa = PBXBuildFile; fileRef = F43E1A311A9F51F500EE944D /* header_logo.png */; };
		F43E1A5A1A9F51F500EE944D /* header_logo@2x.png in Resources */ = {isa = PBXBuildFile; fileRef = F43E1A321A9F51F500EE944D /* header_logo@2x.png */; };
		F43E1A5B1A9F51F500EE944D /* i-add-item.png in Resources */ = {isa = PBXBuildFile; fileRef = F43E1A331A9F51F500EE944D /* i-add-item.png */; };
		F43E1A5C1A9F51F500EE944D /* i-add-item@2x.png in Resources */ = {isa = PBXBuildFile; fileRef = F43E1A341A9F51F500EE944D /* i-add-item@2x.png */; };
		F43E1A5D1A9F51F500EE944D /* i-clock.png in Resources */ = {isa = PBXBuildFile; fileRef = F43E1A351A9F51F500EE944D /* i-clock.png */; };
		F43E1A5E1A9F51F500EE944D /* i-clock@2x.png in Resources */ = {isa = PBXBuildFile; fileRef = F43E1A361A9F51F500EE944D /* i-clock@2x.png */; };
		F43E1A5F1A9F51F500EE944D /* i-description.png in Resources */ = {isa = PBXBuildFile; fileRef = F43E1A371A9F51F500EE944D /* i-description.png */; };
		F43E1A601A9F51F500EE944D /* i-description@2x.png in Resources */ = {isa = PBXBuildFile; fileRef = F43E1A381A9F51F500EE944D /* i-description@2x.png */; };
		F43E1A611A9F51F500EE944D /* i-error.png in Resources */ = {isa = PBXBuildFile; fileRef = F43E1A391A9F51F500EE944D /* i-error.png */; };
		F43E1A621A9F51F500EE944D /* i-error@2x.png in Resources */ = {isa = PBXBuildFile; fileRef = F43E1A3A1A9F51F500EE944D /* i-error@2x.png */; };
		F43E1A631A9F51F500EE944D /* i-like-active.png in Resources */ = {isa = PBXBuildFile; fileRef = F43E1A3B1A9F51F500EE944D /* i-like-active.png */; };
		F43E1A641A9F51F500EE944D /* i-like-active@2x.png in Resources */ = {isa = PBXBuildFile; fileRef = F43E1A3C1A9F51F500EE944D /* i-like-active@2x.png */; };
		F43E1A651A9F51F500EE944D /* i-like-inactive.png in Resources */ = {isa = PBXBuildFile; fileRef = F43E1A3D1A9F51F500EE944D /* i-like-inactive.png */; };
		F43E1A661A9F51F500EE944D /* i-like-inactive@2x.png in Resources */ = {isa = PBXBuildFile; fileRef = F43E1A3E1A9F51F500EE944D /* i-like-inactive@2x.png */; };
		F43E1A671A9F51F500EE944D /* i-location.png in Resources */ = {isa = PBXBuildFile; fileRef = F43E1A3F1A9F51F500EE944D /* i-location.png */; };
		F43E1A681A9F51F500EE944D /* i-location@2x.png in Resources */ = {isa = PBXBuildFile; fileRef = F43E1A401A9F51F500EE944D /* i-location@2x.png */; };
		F43E1A691A9F51F500EE944D /* i-password.png in Resources */ = {isa = PBXBuildFile; fileRef = F43E1A411A9F51F500EE944D /* i-password.png */; };
		F43E1A6A1A9F51F500EE944D /* i-password@2x.png in Resources */ = {isa = PBXBuildFile; fileRef = F43E1A421A9F51F500EE944D /* i-password@2x.png */; };
		F43E1A6B1A9F51F500EE944D /* i-social-f.png in Resources */ = {isa = PBXBuildFile; fileRef = F43E1A431A9F51F500EE944D /* i-social-f.png */; };
		F43E1A6C1A9F51F500EE944D /* i-social-f@2x.png in Resources */ = {isa = PBXBuildFile; fileRef = F43E1A441A9F51F500EE944D /* i-social-f@2x.png */; };
		F43E1A6D1A9F51F500EE944D /* i-social-in.png in Resources */ = {isa = PBXBuildFile; fileRef = F43E1A451A9F51F500EE944D /* i-social-in.png */; };
		F43E1A6E1A9F51F500EE944D /* i-social-in@2x.png in Resources */ = {isa = PBXBuildFile; fileRef = F43E1A461A9F51F500EE944D /* i-social-in@2x.png */; };
		F43E1A6F1A9F51F500EE944D /* i-social-t.png in Resources */ = {isa = PBXBuildFile; fileRef = F43E1A471A9F51F500EE944D /* i-social-t.png */; };
		F43E1A701A9F51F500EE944D /* i-social-t@2x.png in Resources */ = {isa = PBXBuildFile; fileRef = F43E1A481A9F51F500EE944D /* i-social-t@2x.png */; };
		F43E1A711A9F51F500EE944D /* i-tab-bar-newsfeed.png in Resources */ = {isa = PBXBuildFile; fileRef = F43E1A491A9F51F500EE944D /* i-tab-bar-newsfeed.png */; };
		F43E1A721A9F51F500EE944D /* i-tab-bar-newsfeed@2x.png in Resources */ = {isa = PBXBuildFile; fileRef = F43E1A4A1A9F51F500EE944D /* i-tab-bar-newsfeed@2x.png */; };
		F43E1A731A9F51F500EE944D /* i-tab-bar-profile.png in Resources */ = {isa = PBXBuildFile; fileRef = F43E1A4B1A9F51F500EE944D /* i-tab-bar-profile.png */; };
		F43E1A741A9F51F500EE944D /* i-tab-bar-profile@2x.png in Resources */ = {isa = PBXBuildFile; fileRef = F43E1A4C1A9F51F500EE944D /* i-tab-bar-profile@2x.png */; };
		F43E1A751A9F51F500EE944D /* i-title.png in Resources */ = {isa = PBXBuildFile; fileRef = F43E1A4D1A9F51F500EE944D /* i-title.png */; };
		F43E1A761A9F51F500EE944D /* i-title@2x.png in Resources */ = {isa = PBXBuildFile; fileRef = F43E1A4E1A9F51F500EE944D /* i-title@2x.png */; };
		F43E1A771A9F51F500EE944D /* i-user.png in Resources */ = {isa = PBXBuildFile; fileRef = F43E1A4F1A9F51F500EE944D /* i-user.png */; };
		F43E1A781A9F51F500EE944D /* i-user@2x.png in Resources */ = {isa = PBXBuildFile; fileRef = F43E1A501A9F51F500EE944D /* i-user@2x.png */; };
		F43E1A791A9F51F500EE944D /* login_logo.png in Resources */ = {isa = PBXBuildFile; fileRef = F43E1A511A9F51F500EE944D /* login_logo.png */; };
		F43E1A7A1A9F51F500EE944D /* login_logo@2x.png in Resources */ = {isa = PBXBuildFile; fileRef = F43E1A521A9F51F500EE944D /* login_logo@2x.png */; };
		F43E1A7B1A9F51F500EE944D /* signup_logo.png in Resources */ = {isa = PBXBuildFile; fileRef = F43E1A531A9F51F500EE944D /* signup_logo.png */; };
		F43E1A7C1A9F51F500EE944D /* signup_logo@2x.png in Resources */ = {isa = PBXBuildFile; fileRef = F43E1A541A9F51F500EE944D /* signup_logo@2x.png */; };
		F43E1A7D1A9F51F500EE944D /* top-bar-add.png in Resources */ = {isa = PBXBuildFile; fileRef = F43E1A551A9F51F500EE944D /* top-bar-add.png */; };
		F43E1A7E1A9F51F500EE944D /* top-bar-add@2x.png in Resources */ = {isa = PBXBuildFile; fileRef = F43E1A561A9F51F500EE944D /* top-bar-add@2x.png */; };
		F43E1A7F1A9F51F500EE944D /* topbar-arrow-back.png in Resources */ = {isa = PBXBuildFile; fileRef = F43E1A571A9F51F500EE944D /* topbar-arrow-back.png */; };
		F43E1A801A9F51F500EE944D /* topbar-arrow-back@2x.png in Resources */ = {isa = PBXBuildFile; fileRef = F43E1A581A9F51F500EE944D /* topbar-arrow-back@2x.png */; };
		F43E1A821A9F520300EE944D /* images.jpeg in Resources */ = {isa = PBXBuildFile; fileRef = F43E1A811A9F520300EE944D /* images.jpeg */; };
		F485B9D41AA0E3360051A197 /* Localizable.strings in Resources */ = {isa = PBXBuildFile; fileRef = F485B9D31AA0E3360051A197 /* Localizable.strings */; };
		F492E7391A9CAD890084029F /* InformationAPI.m in Sources */ = {isa = PBXBuildFile; fileRef = F492E7381A9CAD890084029F /* InformationAPI.m */; };
		F492E73C1A9CAFAC0084029F /* FormInputViewController.m in Sources */ = {isa = PBXBuildFile; fileRef = F492E73B1A9CAFAC0084029F /* FormInputViewController.m */; };
		F4A454211AA6230600116B07 /* UserRepository.m in Sources */ = {isa = PBXBuildFile; fileRef = F4A454201AA6230600116B07 /* UserRepository.m */; };
		F4A454251AA624D700116B07 /* LoginViewModel.m in Sources */ = {isa = PBXBuildFile; fileRef = F4A454241AA624D700116B07 /* LoginViewModel.m */; };
		F4A454281AA624F700116B07 /* FormViewModel.m in Sources */ = {isa = PBXBuildFile; fileRef = F4A454271AA624F700116B07 /* FormViewModel.m */; };
		F4A4542B1AA6396B00116B07 /* SignUpViewModel.m in Sources */ = {isa = PBXBuildFile; fileRef = F4A4542A1AA6396B00116B07 /* SignUpViewModel.m */; };
		F4A4542E1AA6440B00116B07 /* ProfileViewModel.m in Sources */ = {isa = PBXBuildFile; fileRef = F4A4542D1AA6440B00116B07 /* ProfileViewModel.m */; };
		F4A454351AA649E800116B07 /* UserModel.m in Sources */ = {isa = PBXBuildFile; fileRef = F4A454341AA649E800116B07 /* UserModel.m */; };
		F4A801E61A9B6A840093D0CD /* LoginViewController.m in Sources */ = {isa = PBXBuildFile; fileRef = F4A801E51A9B6A840093D0CD /* LoginViewController.m */; };
		F4AA7BF61A9E1CB70022D8E9 /* fondo.jpg in Resources */ = {isa = PBXBuildFile; fileRef = F4AA7BF51A9E1CB70022D8E9 /* fondo.jpg */; };
		F4B4952C1A9788D6006132CB /* main.m in Sources */ = {isa = PBXBuildFile; fileRef = F4B4952B1A9788D6006132CB /* main.m */; };
		F4B4952F1A9788D6006132CB /* AppDelegate.m in Sources */ = {isa = PBXBuildFile; fileRef = F4B4952E1A9788D6006132CB /* AppDelegate.m */; };
		F4B495321A9788D6006132CB /* FirstViewController.m in Sources */ = {isa = PBXBuildFile; fileRef = F4B495311A9788D6006132CB /* FirstViewController.m */; };
		F4B495351A9788D6006132CB /* SecondViewController.m in Sources */ = {isa = PBXBuildFile; fileRef = F4B495341A9788D6006132CB /* SecondViewController.m */; };
		F4B495381A9788D6006132CB /* Main.storyboard in Resources */ = {isa = PBXBuildFile; fileRef = F4B495361A9788D6006132CB /* Main.storyboard */; };
		F4B4953A1A9788D6006132CB /* Images.xcassets in Resources */ = {isa = PBXBuildFile; fileRef = F4B495391A9788D6006132CB /* Images.xcassets */; };
		F4B4953D1A9788D6006132CB /* LaunchScreen.xib in Resources */ = {isa = PBXBuildFile; fileRef = F4B4953B1A9788D6006132CB /* LaunchScreen.xib */; };
		F4B495491A9788D6006132CB /* TrainingTests.m in Sources */ = {isa = PBXBuildFile; fileRef = F4B495481A9788D6006132CB /* TrainingTests.m */; };
		F4EEA9B41A9BB22A004F8BC8 /* SignUpViewController.m in Sources */ = {isa = PBXBuildFile; fileRef = F4EEA9B31A9BB22A004F8BC8 /* SignUpViewController.m */; };
/* End PBXBuildFile section */

/* Begin PBXContainerItemProxy section */
		F4B495431A9788D6006132CB /* PBXContainerItemProxy */ = {
			isa = PBXContainerItemProxy;
			containerPortal = F4B4951E1A9788D6006132CB /* Project object */;
			proxyType = 1;
			remoteGlobalIDString = F4B495251A9788D6006132CB;
			remoteInfo = Training;
		};
/* End PBXContainerItemProxy section */

/* Begin PBXFileReference section */
		680E6CBA43A6F0A3F732FB83 /* Pods.debug.xcconfig */ = {isa = PBXFileReference; includeInIndex = 1; lastKnownFileType = text.xcconfig; name = Pods.debug.xcconfig; path = "Pods/Target Support Files/Pods/Pods.debug.xcconfig"; sourceTree = "<group>"; };
		9C20BB7D8E4E45D25D6B9218 /* Pods.release.xcconfig */ = {isa = PBXFileReference; includeInIndex = 1; lastKnownFileType = text.xcconfig; name = Pods.release.xcconfig; path = "Pods/Target Support Files/Pods/Pods.release.xcconfig"; sourceTree = "<group>"; };
		DDEC3D75D486DCC06D14CC66 /* libPods.a */ = {isa = PBXFileReference; explicitFileType = archive.ar; includeInIndex = 0; path = libPods.a; sourceTree = BUILT_PRODUCTS_DIR; };
		F43E1A311A9F51F500EE944D /* header_logo.png */ = {isa = PBXFileReference; lastKnownFileType = image.png; path = header_logo.png; sourceTree = "<group>"; };
		F43E1A321A9F51F500EE944D /* header_logo@2x.png */ = {isa = PBXFileReference; lastKnownFileType = image.png; path = "header_logo@2x.png"; sourceTree = "<group>"; };
		F43E1A331A9F51F500EE944D /* i-add-item.png */ = {isa = PBXFileReference; lastKnownFileType = image.png; path = "i-add-item.png"; sourceTree = "<group>"; };
		F43E1A341A9F51F500EE944D /* i-add-item@2x.png */ = {isa = PBXFileReference; lastKnownFileType = image.png; path = "i-add-item@2x.png"; sourceTree = "<group>"; };
		F43E1A351A9F51F500EE944D /* i-clock.png */ = {isa = PBXFileReference; lastKnownFileType = image.png; path = "i-clock.png"; sourceTree = "<group>"; };
		F43E1A361A9F51F500EE944D /* i-clock@2x.png */ = {isa = PBXFileReference; lastKnownFileType = image.png; path = "i-clock@2x.png"; sourceTree = "<group>"; };
		F43E1A371A9F51F500EE944D /* i-description.png */ = {isa = PBXFileReference; lastKnownFileType = image.png; path = "i-description.png"; sourceTree = "<group>"; };
		F43E1A381A9F51F500EE944D /* i-description@2x.png */ = {isa = PBXFileReference; lastKnownFileType = image.png; path = "i-description@2x.png"; sourceTree = "<group>"; };
		F43E1A391A9F51F500EE944D /* i-error.png */ = {isa = PBXFileReference; lastKnownFileType = image.png; path = "i-error.png"; sourceTree = "<group>"; };
		F43E1A3A1A9F51F500EE944D /* i-error@2x.png */ = {isa = PBXFileReference; lastKnownFileType = image.png; path = "i-error@2x.png"; sourceTree = "<group>"; };
		F43E1A3B1A9F51F500EE944D /* i-like-active.png */ = {isa = PBXFileReference; lastKnownFileType = image.png; path = "i-like-active.png"; sourceTree = "<group>"; };
		F43E1A3C1A9F51F500EE944D /* i-like-active@2x.png */ = {isa = PBXFileReference; lastKnownFileType = image.png; path = "i-like-active@2x.png"; sourceTree = "<group>"; };
		F43E1A3D1A9F51F500EE944D /* i-like-inactive.png */ = {isa = PBXFileReference; lastKnownFileType = image.png; path = "i-like-inactive.png"; sourceTree = "<group>"; };
		F43E1A3E1A9F51F500EE944D /* i-like-inactive@2x.png */ = {isa = PBXFileReference; lastKnownFileType = image.png; path = "i-like-inactive@2x.png"; sourceTree = "<group>"; };
		F43E1A3F1A9F51F500EE944D /* i-location.png */ = {isa = PBXFileReference; lastKnownFileType = image.png; path = "i-location.png"; sourceTree = "<group>"; };
		F43E1A401A9F51F500EE944D /* i-location@2x.png */ = {isa = PBXFileReference; lastKnownFileType = image.png; path = "i-location@2x.png"; sourceTree = "<group>"; };
		F43E1A411A9F51F500EE944D /* i-password.png */ = {isa = PBXFileReference; lastKnownFileType = image.png; path = "i-password.png"; sourceTree = "<group>"; };
		F43E1A421A9F51F500EE944D /* i-password@2x.png */ = {isa = PBXFileReference; lastKnownFileType = image.png; path = "i-password@2x.png"; sourceTree = "<group>"; };
		F43E1A431A9F51F500EE944D /* i-social-f.png */ = {isa = PBXFileReference; lastKnownFileType = image.png; path = "i-social-f.png"; sourceTree = "<group>"; };
		F43E1A441A9F51F500EE944D /* i-social-f@2x.png */ = {isa = PBXFileReference; lastKnownFileType = image.png; path = "i-social-f@2x.png"; sourceTree = "<group>"; };
		F43E1A451A9F51F500EE944D /* i-social-in.png */ = {isa = PBXFileReference; lastKnownFileType = image.png; path = "i-social-in.png"; sourceTree = "<group>"; };
		F43E1A461A9F51F500EE944D /* i-social-in@2x.png */ = {isa = PBXFileReference; lastKnownFileType = image.png; path = "i-social-in@2x.png"; sourceTree = "<group>"; };
		F43E1A471A9F51F500EE944D /* i-social-t.png */ = {isa = PBXFileReference; lastKnownFileType = image.png; path = "i-social-t.png"; sourceTree = "<group>"; };
		F43E1A481A9F51F500EE944D /* i-social-t@2x.png */ = {isa = PBXFileReference; lastKnownFileType = image.png; path = "i-social-t@2x.png"; sourceTree = "<group>"; };
		F43E1A491A9F51F500EE944D /* i-tab-bar-newsfeed.png */ = {isa = PBXFileReference; lastKnownFileType = image.png; path = "i-tab-bar-newsfeed.png"; sourceTree = "<group>"; };
		F43E1A4A1A9F51F500EE944D /* i-tab-bar-newsfeed@2x.png */ = {isa = PBXFileReference; lastKnownFileType = image.png; path = "i-tab-bar-newsfeed@2x.png"; sourceTree = "<group>"; };
		F43E1A4B1A9F51F500EE944D /* i-tab-bar-profile.png */ = {isa = PBXFileReference; lastKnownFileType = image.png; path = "i-tab-bar-profile.png"; sourceTree = "<group>"; };
		F43E1A4C1A9F51F500EE944D /* i-tab-bar-profile@2x.png */ = {isa = PBXFileReference; lastKnownFileType = image.png; path = "i-tab-bar-profile@2x.png"; sourceTree = "<group>"; };
		F43E1A4D1A9F51F500EE944D /* i-title.png */ = {isa = PBXFileReference; lastKnownFileType = image.png; path = "i-title.png"; sourceTree = "<group>"; };
		F43E1A4E1A9F51F500EE944D /* i-title@2x.png */ = {isa = PBXFileReference; lastKnownFileType = image.png; path = "i-title@2x.png"; sourceTree = "<group>"; };
		F43E1A4F1A9F51F500EE944D /* i-user.png */ = {isa = PBXFileReference; lastKnownFileType = image.png; path = "i-user.png"; sourceTree = "<group>"; };
		F43E1A501A9F51F500EE944D /* i-user@2x.png */ = {isa = PBXFileReference; lastKnownFileType = image.png; path = "i-user@2x.png"; sourceTree = "<group>"; };
		F43E1A511A9F51F500EE944D /* login_logo.png */ = {isa = PBXFileReference; lastKnownFileType = image.png; path = login_logo.png; sourceTree = "<group>"; };
		F43E1A521A9F51F500EE944D /* login_logo@2x.png */ = {isa = PBXFileReference; lastKnownFileType = image.png; path = "login_logo@2x.png"; sourceTree = "<group>"; };
		F43E1A531A9F51F500EE944D /* signup_logo.png */ = {isa = PBXFileReference; lastKnownFileType = image.png; path = signup_logo.png; sourceTree = "<group>"; };
		F43E1A541A9F51F500EE944D /* signup_logo@2x.png */ = {isa = PBXFileReference; lastKnownFileType = image.png; path = "signup_logo@2x.png"; sourceTree = "<group>"; };
		F43E1A551A9F51F500EE944D /* top-bar-add.png */ = {isa = PBXFileReference; lastKnownFileType = image.png; path = "top-bar-add.png"; sourceTree = "<group>"; };
		F43E1A561A9F51F500EE944D /* top-bar-add@2x.png */ = {isa = PBXFileReference; lastKnownFileType = image.png; path = "top-bar-add@2x.png"; sourceTree = "<group>"; };
		F43E1A571A9F51F500EE944D /* topbar-arrow-back.png */ = {isa = PBXFileReference; lastKnownFileType = image.png; path = "topbar-arrow-back.png"; sourceTree = "<group>"; };
		F43E1A581A9F51F500EE944D /* topbar-arrow-back@2x.png */ = {isa = PBXFileReference; lastKnownFileType = image.png; path = "topbar-arrow-back@2x.png"; sourceTree = "<group>"; };
		F43E1A811A9F520300EE944D /* images.jpeg */ = {isa = PBXFileReference; lastKnownFileType = image.jpeg; path = images.jpeg; sourceTree = "<group>"; };
		F485B9D31AA0E3360051A197 /* Localizable.strings */ = {isa = PBXFileReference; fileEncoding = 4; lastKnownFileType = text.plist.strings; path = Localizable.strings; sourceTree = "<group>"; };
		F492E7381A9CAD890084029F /* InformationAPI.m */ = {isa = PBXFileReference; fileEncoding = 4; lastKnownFileType = sourcecode.c.objc; name = InformationAPI.m; path = Training/InformationAPI.m; sourceTree = SOURCE_ROOT; };
		F492E73A1A9CAFAC0084029F /* FormInputViewController.h */ = {isa = PBXFileReference; fileEncoding = 4; lastKnownFileType = sourcecode.c.h; path = FormInputViewController.h; sourceTree = "<group>"; };
		F492E73B1A9CAFAC0084029F /* FormInputViewController.m */ = {isa = PBXFileReference; fileEncoding = 4; lastKnownFileType = sourcecode.c.objc; path = FormInputViewController.m; sourceTree = "<group>"; };
		F4A4541F1AA6230600116B07 /* UserRepository.h */ = {isa = PBXFileReference; fileEncoding = 4; lastKnownFileType = sourcecode.c.h; path = UserRepository.h; sourceTree = "<group>"; };
		F4A454201AA6230600116B07 /* UserRepository.m */ = {isa = PBXFileReference; fileEncoding = 4; lastKnownFileType = sourcecode.c.objc; path = UserRepository.m; sourceTree = "<group>"; };
		F4A454231AA624D700116B07 /* LoginViewModel.h */ = {isa = PBXFileReference; fileEncoding = 4; lastKnownFileType = sourcecode.c.h; path = LoginViewModel.h; sourceTree = "<group>"; };
		F4A454241AA624D700116B07 /* LoginViewModel.m */ = {isa = PBXFileReference; fileEncoding = 4; lastKnownFileType = sourcecode.c.objc; path = LoginViewModel.m; sourceTree = "<group>"; };
		F4A454261AA624F700116B07 /* FormViewModel.h */ = {isa = PBXFileReference; fileEncoding = 4; lastKnownFileType = sourcecode.c.h; path = FormViewModel.h; sourceTree = "<group>"; };
		F4A454271AA624F700116B07 /* FormViewModel.m */ = {isa = PBXFileReference; fileEncoding = 4; lastKnownFileType = sourcecode.c.objc; path = FormViewModel.m; sourceTree = "<group>"; };
		F4A454291AA6396B00116B07 /* SignUpViewModel.h */ = {isa = PBXFileReference; fileEncoding = 4; lastKnownFileType = sourcecode.c.h; path = SignUpViewModel.h; sourceTree = "<group>"; };
		F4A4542A1AA6396B00116B07 /* SignUpViewModel.m */ = {isa = PBXFileReference; fileEncoding = 4; lastKnownFileType = sourcecode.c.objc; path = SignUpViewModel.m; sourceTree = "<group>"; };
		F4A4542C1AA6440B00116B07 /* ProfileViewModel.h */ = {isa = PBXFileReference; fileEncoding = 4; lastKnownFileType = sourcecode.c.h; path = ProfileViewModel.h; sourceTree = "<group>"; };
		F4A4542D1AA6440B00116B07 /* ProfileViewModel.m */ = {isa = PBXFileReference; fileEncoding = 4; lastKnownFileType = sourcecode.c.objc; path = ProfileViewModel.m; sourceTree = "<group>"; };
		F4A454331AA649E800116B07 /* UserModel.h */ = {isa = PBXFileReference; fileEncoding = 4; lastKnownFileType = sourcecode.c.h; path = UserModel.h; sourceTree = "<group>"; };
		F4A454341AA649E800116B07 /* UserModel.m */ = {isa = PBXFileReference; fileEncoding = 4; lastKnownFileType = sourcecode.c.objc; path = UserModel.m; sourceTree = "<group>"; };
		F4A801E41A9B6A840093D0CD /* LoginViewController.h */ = {isa = PBXFileReference; fileEncoding = 4; lastKnownFileType = sourcecode.c.h; path = LoginViewController.h; sourceTree = "<group>"; };
		F4A801E51A9B6A840093D0CD /* LoginViewController.m */ = {isa = PBXFileReference; fileEncoding = 4; lastKnownFileType = sourcecode.c.objc; path = LoginViewController.m; sourceTree = "<group>"; };
		F4AA7BF51A9E1CB70022D8E9 /* fondo.jpg */ = {isa = PBXFileReference; lastKnownFileType = image.jpeg; path = fondo.jpg; sourceTree = "<group>"; };
		F4B495261A9788D6006132CB /* Training.app */ = {isa = PBXFileReference; explicitFileType = wrapper.application; includeInIndex = 0; path = Training.app; sourceTree = BUILT_PRODUCTS_DIR; };
		F4B4952A1A9788D6006132CB /* Info.plist */ = {isa = PBXFileReference; lastKnownFileType = text.plist.xml; path = Info.plist; sourceTree = "<group>"; };
		F4B4952B1A9788D6006132CB /* main.m */ = {isa = PBXFileReference; lastKnownFileType = sourcecode.c.objc; path = main.m; sourceTree = "<group>"; };
		F4B4952D1A9788D6006132CB /* AppDelegate.h */ = {isa = PBXFileReference; lastKnownFileType = sourcecode.c.h; path = AppDelegate.h; sourceTree = "<group>"; };
		F4B4952E1A9788D6006132CB /* AppDelegate.m */ = {isa = PBXFileReference; lastKnownFileType = sourcecode.c.objc; path = AppDelegate.m; sourceTree = "<group>"; };
		F4B495301A9788D6006132CB /* FirstViewController.h */ = {isa = PBXFileReference; lastKnownFileType = sourcecode.c.h; path = FirstViewController.h; sourceTree = "<group>"; };
		F4B495311A9788D6006132CB /* FirstViewController.m */ = {isa = PBXFileReference; lastKnownFileType = sourcecode.c.objc; path = FirstViewController.m; sourceTree = "<group>"; };
		F4B495331A9788D6006132CB /* SecondViewController.h */ = {isa = PBXFileReference; lastKnownFileType = sourcecode.c.h; path = SecondViewController.h; sourceTree = "<group>"; };
		F4B495341A9788D6006132CB /* SecondViewController.m */ = {isa = PBXFileReference; lastKnownFileType = sourcecode.c.objc; path = SecondViewController.m; sourceTree = "<group>"; };
		F4B495371A9788D6006132CB /* Base */ = {isa = PBXFileReference; lastKnownFileType = file.storyboard; name = Base; path = Base.lproj/Main.storyboard; sourceTree = "<group>"; };
		F4B495391A9788D6006132CB /* Images.xcassets */ = {isa = PBXFileReference; lastKnownFileType = folder.assetcatalog; path = Images.xcassets; sourceTree = "<group>"; };
		F4B4953C1A9788D6006132CB /* Base */ = {isa = PBXFileReference; lastKnownFileType = file.xib; name = Base; path = Base.lproj/LaunchScreen.xib; sourceTree = "<group>"; };
		F4B495421A9788D6006132CB /* TrainingTests.xctest */ = {isa = PBXFileReference; explicitFileType = wrapper.cfbundle; includeInIndex = 0; path = TrainingTests.xctest; sourceTree = BUILT_PRODUCTS_DIR; };
		F4B495471A9788D6006132CB /* Info.plist */ = {isa = PBXFileReference; lastKnownFileType = text.plist.xml; path = Info.plist; sourceTree = "<group>"; };
		F4B495481A9788D6006132CB /* TrainingTests.m */ = {isa = PBXFileReference; lastKnownFileType = sourcecode.c.objc; path = TrainingTests.m; sourceTree = "<group>"; };
		F4EEA9B21A9BB22A004F8BC8 /* SignUpViewController.h */ = {isa = PBXFileReference; fileEncoding = 4; lastKnownFileType = sourcecode.c.h; path = SignUpViewController.h; sourceTree = "<group>"; };
		F4EEA9B31A9BB22A004F8BC8 /* SignUpViewController.m */ = {isa = PBXFileReference; fileEncoding = 4; lastKnownFileType = sourcecode.c.objc; path = SignUpViewController.m; sourceTree = "<group>"; };
		F4EEA9B81A9BB562004F8BC8 /* InformationAPI.h */ = {isa = PBXFileReference; fileEncoding = 4; lastKnownFileType = sourcecode.c.h; path = InformationAPI.h; sourceTree = "<group>"; };
/* End PBXFileReference section */

/* Begin PBXFrameworksBuildPhase section */
		F4B495231A9788D6006132CB /* Frameworks */ = {
			isa = PBXFrameworksBuildPhase;
			buildActionMask = 2147483647;
			files = (
				39533B23739B397524FC8E7B /* libPods.a in Frameworks */,
			);
			runOnlyForDeploymentPostprocessing = 0;
		};
		F4B4953F1A9788D6006132CB /* Frameworks */ = {
			isa = PBXFrameworksBuildPhase;
			buildActionMask = 2147483647;
			files = (
			);
			runOnlyForDeploymentPostprocessing = 0;
		};
/* End PBXFrameworksBuildPhase section */

/* Begin PBXGroup section */
		4A16BDA812C756B4BA6D8A3A /* Frameworks */ = {
			isa = PBXGroup;
			children = (
				DDEC3D75D486DCC06D14CC66 /* libPods.a */,
			);
			name = Frameworks;
			sourceTree = "<group>";
		};
		9321646F7C59074BB3A0CBD3 /* Pods */ = {
			isa = PBXGroup;
			children = (
				680E6CBA43A6F0A3F732FB83 /* Pods.debug.xcconfig */,
				9C20BB7D8E4E45D25D6B9218 /* Pods.release.xcconfig */,
			);
			name = Pods;
			sourceTree = "<group>";
		};
		F43E1A301A9F51F500EE944D /* ASSETS 2 */ = {
			isa = PBXGroup;
			children = (
				F43E1A311A9F51F500EE944D /* header_logo.png */,
				F43E1A321A9F51F500EE944D /* header_logo@2x.png */,
				F43E1A331A9F51F500EE944D /* i-add-item.png */,
				F43E1A341A9F51F500EE944D /* i-add-item@2x.png */,
				F43E1A351A9F51F500EE944D /* i-clock.png */,
				F43E1A361A9F51F500EE944D /* i-clock@2x.png */,
				F43E1A371A9F51F500EE944D /* i-description.png */,
				F43E1A381A9F51F500EE944D /* i-description@2x.png */,
				F43E1A391A9F51F500EE944D /* i-error.png */,
				F43E1A3A1A9F51F500EE944D /* i-error@2x.png */,
				F43E1A3B1A9F51F500EE944D /* i-like-active.png */,
				F43E1A3C1A9F51F500EE944D /* i-like-active@2x.png */,
				F43E1A3D1A9F51F500EE944D /* i-like-inactive.png */,
				F43E1A3E1A9F51F500EE944D /* i-like-inactive@2x.png */,
				F43E1A3F1A9F51F500EE944D /* i-location.png */,
				F43E1A401A9F51F500EE944D /* i-location@2x.png */,
				F43E1A411A9F51F500EE944D /* i-password.png */,
				F43E1A421A9F51F500EE944D /* i-password@2x.png */,
				F43E1A431A9F51F500EE944D /* i-social-f.png */,
				F43E1A441A9F51F500EE944D /* i-social-f@2x.png */,
				F43E1A451A9F51F500EE944D /* i-social-in.png */,
				F43E1A461A9F51F500EE944D /* i-social-in@2x.png */,
				F43E1A471A9F51F500EE944D /* i-social-t.png */,
				F43E1A481A9F51F500EE944D /* i-social-t@2x.png */,
				F43E1A491A9F51F500EE944D /* i-tab-bar-newsfeed.png */,
				F43E1A4A1A9F51F500EE944D /* i-tab-bar-newsfeed@2x.png */,
				F43E1A4B1A9F51F500EE944D /* i-tab-bar-profile.png */,
				F43E1A4C1A9F51F500EE944D /* i-tab-bar-profile@2x.png */,
				F43E1A4D1A9F51F500EE944D /* i-title.png */,
				F43E1A4E1A9F51F500EE944D /* i-title@2x.png */,
				F43E1A4F1A9F51F500EE944D /* i-user.png */,
				F43E1A501A9F51F500EE944D /* i-user@2x.png */,
				F43E1A511A9F51F500EE944D /* login_logo.png */,
				F43E1A521A9F51F500EE944D /* login_logo@2x.png */,
				F43E1A531A9F51F500EE944D /* signup_logo.png */,
				F43E1A541A9F51F500EE944D /* signup_logo@2x.png */,
				F43E1A551A9F51F500EE944D /* top-bar-add.png */,
				F43E1A561A9F51F500EE944D /* top-bar-add@2x.png */,
				F43E1A571A9F51F500EE944D /* topbar-arrow-back.png */,
				F43E1A581A9F51F500EE944D /* topbar-arrow-back@2x.png */,
			);
			path = "ASSETS 2";
			sourceTree = "<group>";
		};
		F4A4541E1AA622E600116B07 /* Repositories */ = {
			isa = PBXGroup;
			children = (
				F4A4541F1AA6230600116B07 /* UserRepository.h */,
				F4A454201AA6230600116B07 /* UserRepository.m */,
				F4EEA9B81A9BB562004F8BC8 /* InformationAPI.h */,
				F492E7381A9CAD890084029F /* InformationAPI.m */,
			);
			name = Repositories;
			sourceTree = "<group>";
		};
		F4A454221AA624B400116B07 /* ViewModel */ = {
			isa = PBXGroup;
			children = (
				F4A454231AA624D700116B07 /* LoginViewModel.h */,
				F4A454241AA624D700116B07 /* LoginViewModel.m */,
				F4A454261AA624F700116B07 /* FormViewModel.h */,
				F4A454271AA624F700116B07 /* FormViewModel.m */,
				F4A454291AA6396B00116B07 /* SignUpViewModel.h */,
				F4A4542A1AA6396B00116B07 /* SignUpViewModel.m */,
				F4A4542C1AA6440B00116B07 /* ProfileViewModel.h */,
				F4A4542D1AA6440B00116B07 /* ProfileViewModel.m */,
			);
			name = ViewModel;
			sourceTree = "<group>";
		};
		F4A4542F1AA6474E00116B07 /* Model */ = {
			isa = PBXGroup;
			children = (
				F4A454331AA649E800116B07 /* UserModel.h */,
				F4A454341AA649E800116B07 /* UserModel.m */,
			);
			name = Model;
			sourceTree = "<group>";
		};
		F4AA7BF21A9E1C7E0022D8E9 /* Imagenes prueba */ = {
			isa = PBXGroup;
			children = (
				F43E1A811A9F520300EE944D /* images.jpeg */,
				F4AA7BF51A9E1CB70022D8E9 /* fondo.jpg */,
			);
			name = "Imagenes prueba";
			sourceTree = "<group>";
		};
		F4B4951D1A9788D6006132CB = {
			isa = PBXGroup;
			children = (
				F4B495281A9788D6006132CB /* Training */,
				F4B495451A9788D6006132CB /* TrainingTests */,
				F4B495271A9788D6006132CB /* Products */,
				9321646F7C59074BB3A0CBD3 /* Pods */,
				4A16BDA812C756B4BA6D8A3A /* Frameworks */,
			);
			sourceTree = "<group>";
		};
		F4B495271A9788D6006132CB /* Products */ = {
			isa = PBXGroup;
			children = (
				F4B495261A9788D6006132CB /* Training.app */,
				F4B495421A9788D6006132CB /* TrainingTests.xctest */,
			);
			name = Products;
			sourceTree = "<group>";
		};
		F4B495281A9788D6006132CB /* Training */ = {
			isa = PBXGroup;
			children = (
				F4A4542F1AA6474E00116B07 /* Model */,
				F4A454221AA624B400116B07 /* ViewModel */,
				F4A4541E1AA622E600116B07 /* Repositories */,
				F43E1A301A9F51F500EE944D /* ASSETS 2 */,
				F4AA7BF21A9E1C7E0022D8E9 /* Imagenes prueba */,
				F4B4952D1A9788D6006132CB /* AppDelegate.h */,
				F4B4952E1A9788D6006132CB /* AppDelegate.m */,
				F4B495301A9788D6006132CB /* FirstViewController.h */,
				F4B495311A9788D6006132CB /* FirstViewController.m */,
				F4B495331A9788D6006132CB /* SecondViewController.h */,
				F4B495341A9788D6006132CB /* SecondViewController.m */,
				F4B495361A9788D6006132CB /* Main.storyboard */,
				F485B9D31AA0E3360051A197 /* Localizable.strings */,
				F4EEA9B21A9BB22A004F8BC8 /* SignUpViewController.h */,
				F4EEA9B31A9BB22A004F8BC8 /* SignUpViewController.m */,
				F492E73A1A9CAFAC0084029F /* FormInputViewController.h */,
				F492E73B1A9CAFAC0084029F /* FormInputViewController.m */,
				F4A801E41A9B6A840093D0CD /* LoginViewController.h */,
				F4A801E51A9B6A840093D0CD /* LoginViewController.m */,
				F4B495391A9788D6006132CB /* Images.xcassets */,
				F4B4953B1A9788D6006132CB /* LaunchScreen.xib */,
				F4B495291A9788D6006132CB /* Supporting Files */,
			);
			path = Training;
			sourceTree = "<group>";
		};
		F4B495291A9788D6006132CB /* Supporting Files */ = {
			isa = PBXGroup;
			children = (
				F4B4952A1A9788D6006132CB /* Info.plist */,
				F4B4952B1A9788D6006132CB /* main.m */,
			);
			name = "Supporting Files";
			sourceTree = "<group>";
		};
		F4B495451A9788D6006132CB /* TrainingTests */ = {
			isa = PBXGroup;
			children = (
				F4B495481A9788D6006132CB /* TrainingTests.m */,
				F4B495461A9788D6006132CB /* Supporting Files */,
			);
			path = TrainingTests;
			sourceTree = "<group>";
		};
		F4B495461A9788D6006132CB /* Supporting Files */ = {
			isa = PBXGroup;
			children = (
				F4B495471A9788D6006132CB /* Info.plist */,
			);
			name = "Supporting Files";
			sourceTree = "<group>";
		};
/* End PBXGroup section */

/* Begin PBXNativeTarget section */
		F4B495251A9788D6006132CB /* Training */ = {
			isa = PBXNativeTarget;
			buildConfigurationList = F4B4954C1A9788D6006132CB /* Build configuration list for PBXNativeTarget "Training" */;
			buildPhases = (
				9460FB81268602DE477C1132 /* Check Pods Manifest.lock */,
				F4B495221A9788D6006132CB /* Sources */,
				F4B495231A9788D6006132CB /* Frameworks */,
				F4B495241A9788D6006132CB /* Resources */,
				AA419658934D27410AF8C69D /* Copy Pods Resources */,
			);
			buildRules = (
			);
			dependencies = (
			);
			name = Training;
			productName = Training;
			productReference = F4B495261A9788D6006132CB /* Training.app */;
			productType = "com.apple.product-type.application";
		};
		F4B495411A9788D6006132CB /* TrainingTests */ = {
			isa = PBXNativeTarget;
			buildConfigurationList = F4B4954F1A9788D6006132CB /* Build configuration list for PBXNativeTarget "TrainingTests" */;
			buildPhases = (
				F4B4953E1A9788D6006132CB /* Sources */,
				F4B4953F1A9788D6006132CB /* Frameworks */,
				F4B495401A9788D6006132CB /* Resources */,
			);
			buildRules = (
			);
			dependencies = (
				F4B495441A9788D6006132CB /* PBXTargetDependency */,
			);
			name = TrainingTests;
			productName = TrainingTests;
			productReference = F4B495421A9788D6006132CB /* TrainingTests.xctest */;
			productType = "com.apple.product-type.bundle.unit-test";
		};
/* End PBXNativeTarget section */

/* Begin PBXProject section */
		F4B4951E1A9788D6006132CB /* Project object */ = {
			isa = PBXProject;
			attributes = {
				LastUpgradeCheck = 0610;
				ORGANIZATIONNAME = "María Eugenia Sakuda";
				TargetAttributes = {
					F4B495251A9788D6006132CB = {
						CreatedOnToolsVersion = 6.1.1;
					};
					F4B495411A9788D6006132CB = {
						CreatedOnToolsVersion = 6.1.1;
						TestTargetID = F4B495251A9788D6006132CB;
					};
				};
			};
			buildConfigurationList = F4B495211A9788D6006132CB /* Build configuration list for PBXProject "Training" */;
			compatibilityVersion = "Xcode 3.2";
			developmentRegion = English;
			hasScannedForEncodings = 0;
			knownRegions = (
				en,
				Base,
			);
			mainGroup = F4B4951D1A9788D6006132CB;
			productRefGroup = F4B495271A9788D6006132CB /* Products */;
			projectDirPath = "";
			projectRoot = "";
			targets = (
				F4B495251A9788D6006132CB /* Training */,
				F4B495411A9788D6006132CB /* TrainingTests */,
			);
		};
/* End PBXProject section */

/* Begin PBXResourcesBuildPhase section */
		F4B495241A9788D6006132CB /* Resources */ = {
			isa = PBXResourcesBuildPhase;
			buildActionMask = 2147483647;
			files = (
				F43E1A601A9F51F500EE944D /* i-description@2x.png in Resources */,
				F43E1A5C1A9F51F500EE944D /* i-add-item@2x.png in Resources */,
				F43E1A5E1A9F51F500EE944D /* i-clock@2x.png in Resources */,
				F43E1A6F1A9F51F500EE944D /* i-social-t.png in Resources */,
				F43E1A5A1A9F51F500EE944D /* header_logo@2x.png in Resources */,
				F43E1A671A9F51F500EE944D /* i-location.png in Resources */,
				F43E1A711A9F51F500EE944D /* i-tab-bar-newsfeed.png in Resources */,
				F43E1A611A9F51F500EE944D /* i-error.png in Resources */,
				F43E1A801A9F51F500EE944D /* topbar-arrow-back@2x.png in Resources */,
				F43E1A7B1A9F51F500EE944D /* signup_logo.png in Resources */,
				F43E1A791A9F51F500EE944D /* login_logo.png in Resources */,
				F43E1A651A9F51F500EE944D /* i-like-inactive.png in Resources */,
				F43E1A741A9F51F500EE944D /* i-tab-bar-profile@2x.png in Resources */,
				F43E1A781A9F51F500EE944D /* i-user@2x.png in Resources */,
				F4B495381A9788D6006132CB /* Main.storyboard in Resources */,
				F43E1A591A9F51F500EE944D /* header_logo.png in Resources */,
				F43E1A701A9F51F500EE944D /* i-social-t@2x.png in Resources */,
				F43E1A621A9F51F500EE944D /* i-error@2x.png in Resources */,
				F43E1A631A9F51F500EE944D /* i-like-active.png in Resources */,
				F43E1A5D1A9F51F500EE944D /* i-clock.png in Resources */,
				F43E1A7D1A9F51F500EE944D /* top-bar-add.png in Resources */,
				F43E1A5F1A9F51F500EE944D /* i-description.png in Resources */,
				F4B4953D1A9788D6006132CB /* LaunchScreen.xib in Resources */,
				F43E1A771A9F51F500EE944D /* i-user.png in Resources */,
				F43E1A7C1A9F51F500EE944D /* signup_logo@2x.png in Resources */,
				F485B9D41AA0E3360051A197 /* Localizable.strings in Resources */,
				F43E1A751A9F51F500EE944D /* i-title.png in Resources */,
				F43E1A5B1A9F51F500EE944D /* i-add-item.png in Resources */,
				F43E1A821A9F520300EE944D /* images.jpeg in Resources */,
				F43E1A7F1A9F51F500EE944D /* topbar-arrow-back.png in Resources */,
				F43E1A681A9F51F500EE944D /* i-location@2x.png in Resources */,
				F43E1A6C1A9F51F500EE944D /* i-social-f@2x.png in Resources */,
				F43E1A7A1A9F51F500EE944D /* login_logo@2x.png in Resources */,
				F43E1A731A9F51F500EE944D /* i-tab-bar-profile.png in Resources */,
				F43E1A7E1A9F51F500EE944D /* top-bar-add@2x.png in Resources */,
				F4B4953A1A9788D6006132CB /* Images.xcassets in Resources */,
				F43E1A691A9F51F500EE944D /* i-password.png in Resources */,
				F43E1A721A9F51F500EE944D /* i-tab-bar-newsfeed@2x.png in Resources */,
				F43E1A6A1A9F51F500EE944D /* i-password@2x.png in Resources */,
				F43E1A641A9F51F500EE944D /* i-like-active@2x.png in Resources */,
				F43E1A6E1A9F51F500EE944D /* i-social-in@2x.png in Resources */,
				F43E1A6B1A9F51F500EE944D /* i-social-f.png in Resources */,
				F43E1A6D1A9F51F500EE944D /* i-social-in.png in Resources */,
				F43E1A761A9F51F500EE944D /* i-title@2x.png in Resources */,
				F43E1A661A9F51F500EE944D /* i-like-inactive@2x.png in Resources */,
				F4AA7BF61A9E1CB70022D8E9 /* fondo.jpg in Resources */,
			);
			runOnlyForDeploymentPostprocessing = 0;
		};
		F4B495401A9788D6006132CB /* Resources */ = {
			isa = PBXResourcesBuildPhase;
			buildActionMask = 2147483647;
			files = (
			);
			runOnlyForDeploymentPostprocessing = 0;
		};
/* End PBXResourcesBuildPhase section */

/* Begin PBXShellScriptBuildPhase section */
		9460FB81268602DE477C1132 /* Check Pods Manifest.lock */ = {
			isa = PBXShellScriptBuildPhase;
			buildActionMask = 2147483647;
			files = (
			);
			inputPaths = (
			);
			name = "Check Pods Manifest.lock";
			outputPaths = (
			);
			runOnlyForDeploymentPostprocessing = 0;
			shellPath = /bin/sh;
			shellScript = "diff \"${PODS_ROOT}/../Podfile.lock\" \"${PODS_ROOT}/Manifest.lock\" > /dev/null\nif [[ $? != 0 ]] ; then\n    cat << EOM\nerror: The sandbox is not in sync with the Podfile.lock. Run 'pod install' or update your CocoaPods installation.\nEOM\n    exit 1\nfi\n";
			showEnvVarsInLog = 0;
		};
		AA419658934D27410AF8C69D /* Copy Pods Resources */ = {
			isa = PBXShellScriptBuildPhase;
			buildActionMask = 2147483647;
			files = (
			);
			inputPaths = (
			);
			name = "Copy Pods Resources";
			outputPaths = (
			);
			runOnlyForDeploymentPostprocessing = 0;
			shellPath = /bin/sh;
			shellScript = "\"${SRCROOT}/Pods/Target Support Files/Pods/Pods-resources.sh\"\n";
			showEnvVarsInLog = 0;
		};
/* End PBXShellScriptBuildPhase section */

/* Begin PBXSourcesBuildPhase section */
		F4B495221A9788D6006132CB /* Sources */ = {
			isa = PBXSourcesBuildPhase;
			buildActionMask = 2147483647;
			files = (
				F4B495351A9788D6006132CB /* SecondViewController.m in Sources */,
				F492E7391A9CAD890084029F /* InformationAPI.m in Sources */,
				F4A454351AA649E800116B07 /* UserModel.m in Sources */,
				F4B4952F1A9788D6006132CB /* AppDelegate.m in Sources */,
				F4EEA9B41A9BB22A004F8BC8 /* SignUpViewController.m in Sources */,
				F4B495321A9788D6006132CB /* FirstViewController.m in Sources */,
				F4B4952C1A9788D6006132CB /* main.m in Sources */,
				F4A801E61A9B6A840093D0CD /* LoginViewController.m in Sources */,
				F492E73C1A9CAFAC0084029F /* FormInputViewController.m in Sources */,
				F4A454211AA6230600116B07 /* UserRepository.m in Sources */,
				F4A454251AA624D700116B07 /* LoginViewModel.m in Sources */,
				F4A4542E1AA6440B00116B07 /* ProfileViewModel.m in Sources */,
				F4A4542B1AA6396B00116B07 /* SignUpViewModel.m in Sources */,
				F4A454281AA624F700116B07 /* FormViewModel.m in Sources */,
			);
			runOnlyForDeploymentPostprocessing = 0;
		};
		F4B4953E1A9788D6006132CB /* Sources */ = {
			isa = PBXSourcesBuildPhase;
			buildActionMask = 2147483647;
			files = (
				F4B495491A9788D6006132CB /* TrainingTests.m in Sources */,
			);
			runOnlyForDeploymentPostprocessing = 0;
		};
/* End PBXSourcesBuildPhase section */

/* Begin PBXTargetDependency section */
		F4B495441A9788D6006132CB /* PBXTargetDependency */ = {
			isa = PBXTargetDependency;
			target = F4B495251A9788D6006132CB /* Training */;
			targetProxy = F4B495431A9788D6006132CB /* PBXContainerItemProxy */;
		};
/* End PBXTargetDependency section */

/* Begin PBXVariantGroup section */
		F4B495361A9788D6006132CB /* Main.storyboard */ = {
			isa = PBXVariantGroup;
			children = (
				F4B495371A9788D6006132CB /* Base */,
			);
			name = Main.storyboard;
			sourceTree = "<group>";
		};
		F4B4953B1A9788D6006132CB /* LaunchScreen.xib */ = {
			isa = PBXVariantGroup;
			children = (
				F4B4953C1A9788D6006132CB /* Base */,
			);
			name = LaunchScreen.xib;
			sourceTree = "<group>";
		};
/* End PBXVariantGroup section */

/* Begin XCBuildConfiguration section */
		F4B4954A1A9788D6006132CB /* Debug */ = {
			isa = XCBuildConfiguration;
			buildSettings = {
				ALWAYS_SEARCH_USER_PATHS = NO;
				CLANG_CXX_LANGUAGE_STANDARD = "gnu++0x";
				CLANG_CXX_LIBRARY = "libc++";
				CLANG_ENABLE_MODULES = YES;
				CLANG_ENABLE_OBJC_ARC = YES;
				CLANG_WARN_BOOL_CONVERSION = YES;
				CLANG_WARN_CONSTANT_CONVERSION = YES;
				CLANG_WARN_DIRECT_OBJC_ISA_USAGE = YES_ERROR;
				CLANG_WARN_EMPTY_BODY = YES;
				CLANG_WARN_ENUM_CONVERSION = YES;
				CLANG_WARN_INT_CONVERSION = YES;
				CLANG_WARN_OBJC_ROOT_CLASS = YES_ERROR;
				CLANG_WARN_UNREACHABLE_CODE = YES;
				CLANG_WARN__DUPLICATE_METHOD_MATCH = YES;
				"CODE_SIGN_IDENTITY[sdk=iphoneos*]" = "iPhone Developer";
				COPY_PHASE_STRIP = NO;
				ENABLE_STRICT_OBJC_MSGSEND = YES;
				GCC_C_LANGUAGE_STANDARD = gnu99;
				GCC_DYNAMIC_NO_PIC = NO;
				GCC_OPTIMIZATION_LEVEL = 0;
				GCC_PREPROCESSOR_DEFINITIONS = (
					"DEBUG=1",
					"$(inherited)",
				);
				GCC_SYMBOLS_PRIVATE_EXTERN = NO;
				GCC_WARN_64_TO_32_BIT_CONVERSION = YES;
				GCC_WARN_ABOUT_RETURN_TYPE = YES_ERROR;
				GCC_WARN_UNDECLARED_SELECTOR = YES;
				GCC_WARN_UNINITIALIZED_AUTOS = YES_AGGRESSIVE;
				GCC_WARN_UNUSED_FUNCTION = YES;
				GCC_WARN_UNUSED_VARIABLE = YES;
				IPHONEOS_DEPLOYMENT_TARGET = 8.1;
				MTL_ENABLE_DEBUG_INFO = YES;
				ONLY_ACTIVE_ARCH = YES;
				SDKROOT = iphoneos;
				TARGETED_DEVICE_FAMILY = "1,2";
			};
			name = Debug;
		};
		F4B4954B1A9788D6006132CB /* Release */ = {
			isa = XCBuildConfiguration;
			buildSettings = {
				ALWAYS_SEARCH_USER_PATHS = NO;
				CLANG_CXX_LANGUAGE_STANDARD = "gnu++0x";
				CLANG_CXX_LIBRARY = "libc++";
				CLANG_ENABLE_MODULES = YES;
				CLANG_ENABLE_OBJC_ARC = YES;
				CLANG_WARN_BOOL_CONVERSION = YES;
				CLANG_WARN_CONSTANT_CONVERSION = YES;
				CLANG_WARN_DIRECT_OBJC_ISA_USAGE = YES_ERROR;
				CLANG_WARN_EMPTY_BODY = YES;
				CLANG_WARN_ENUM_CONVERSION = YES;
				CLANG_WARN_INT_CONVERSION = YES;
				CLANG_WARN_OBJC_ROOT_CLASS = YES_ERROR;
				CLANG_WARN_UNREACHABLE_CODE = YES;
				CLANG_WARN__DUPLICATE_METHOD_MATCH = YES;
				"CODE_SIGN_IDENTITY[sdk=iphoneos*]" = "iPhone Developer";
				COPY_PHASE_STRIP = YES;
				ENABLE_NS_ASSERTIONS = NO;
				ENABLE_STRICT_OBJC_MSGSEND = YES;
				GCC_C_LANGUAGE_STANDARD = gnu99;
				GCC_WARN_64_TO_32_BIT_CONVERSION = YES;
				GCC_WARN_ABOUT_RETURN_TYPE = YES_ERROR;
				GCC_WARN_UNDECLARED_SELECTOR = YES;
				GCC_WARN_UNINITIALIZED_AUTOS = YES_AGGRESSIVE;
				GCC_WARN_UNUSED_FUNCTION = YES;
				GCC_WARN_UNUSED_VARIABLE = YES;
				IPHONEOS_DEPLOYMENT_TARGET = 8.1;
				MTL_ENABLE_DEBUG_INFO = NO;
				SDKROOT = iphoneos;
				TARGETED_DEVICE_FAMILY = "1,2";
				VALIDATE_PRODUCT = YES;
			};
			name = Release;
		};
		F4B4954D1A9788D6006132CB /* Debug */ = {
			isa = XCBuildConfiguration;
			baseConfigurationReference = 680E6CBA43A6F0A3F732FB83 /* Pods.debug.xcconfig */;
			buildSettings = {
				ASSETCATALOG_COMPILER_APPICON_NAME = AppIcon;
				INFOPLIST_FILE = Training/Info.plist;
				LD_RUNPATH_SEARCH_PATHS = "$(inherited) @executable_path/Frameworks";
				PRODUCT_NAME = "$(TARGET_NAME)";
			};
			name = Debug;
		};
		F4B4954E1A9788D6006132CB /* Release */ = {
			isa = XCBuildConfiguration;
			baseConfigurationReference = 9C20BB7D8E4E45D25D6B9218 /* Pods.release.xcconfig */;
			buildSettings = {
				ASSETCATALOG_COMPILER_APPICON_NAME = AppIcon;
				INFOPLIST_FILE = Training/Info.plist;
				LD_RUNPATH_SEARCH_PATHS = "$(inherited) @executable_path/Frameworks";
				PRODUCT_NAME = "$(TARGET_NAME)";
			};
			name = Release;
		};
		F4B495501A9788D6006132CB /* Debug */ = {
			isa = XCBuildConfiguration;
			buildSettings = {
				BUNDLE_LOADER = "$(TEST_HOST)";
				FRAMEWORK_SEARCH_PATHS = (
					"$(SDKROOT)/Developer/Library/Frameworks",
					"$(inherited)",
				);
				GCC_PREPROCESSOR_DEFINITIONS = (
					"DEBUG=1",
					"$(inherited)",
				);
				INFOPLIST_FILE = TrainingTests/Info.plist;
				LD_RUNPATH_SEARCH_PATHS = "$(inherited) @executable_path/Frameworks @loader_path/Frameworks";
				PRODUCT_NAME = "$(TARGET_NAME)";
				TEST_HOST = "$(BUILT_PRODUCTS_DIR)/Training.app/Training";
			};
			name = Debug;
		};
		F4B495511A9788D6006132CB /* Release */ = {
			isa = XCBuildConfiguration;
			buildSettings = {
				BUNDLE_LOADER = "$(TEST_HOST)";
				FRAMEWORK_SEARCH_PATHS = (
					"$(SDKROOT)/Developer/Library/Frameworks",
					"$(inherited)",
				);
				INFOPLIST_FILE = TrainingTests/Info.plist;
				LD_RUNPATH_SEARCH_PATHS = "$(inherited) @executable_path/Frameworks @loader_path/Frameworks";
				PRODUCT_NAME = "$(TARGET_NAME)";
				TEST_HOST = "$(BUILT_PRODUCTS_DIR)/Training.app/Training";
			};
			name = Release;
		};
/* End XCBuildConfiguration section */

/* Begin XCConfigurationList section */
		F4B495211A9788D6006132CB /* Build configuration list for PBXProject "Training" */ = {
			isa = XCConfigurationList;
			buildConfigurations = (
				F4B4954A1A9788D6006132CB /* Debug */,
				F4B4954B1A9788D6006132CB /* Release */,
			);
			defaultConfigurationIsVisible = 0;
			defaultConfigurationName = Release;
		};
		F4B4954C1A9788D6006132CB /* Build configuration list for PBXNativeTarget "Training" */ = {
			isa = XCConfigurationList;
			buildConfigurations = (
				F4B4954D1A9788D6006132CB /* Debug */,
				F4B4954E1A9788D6006132CB /* Release */,
			);
			defaultConfigurationIsVisible = 0;
			defaultConfigurationName = Release;
		};
		F4B4954F1A9788D6006132CB /* Build configuration list for PBXNativeTarget "TrainingTests" */ = {
			isa = XCConfigurationList;
			buildConfigurations = (
				F4B495501A9788D6006132CB /* Debug */,
				F4B495511A9788D6006132CB /* Release */,
			);
			defaultConfigurationIsVisible = 0;
			defaultConfigurationName = Release;
		};
/* End XCConfigurationList section */
	};
	rootObject = F4B4951E1A9788D6006132CB /* Project object */;
}
