// !$*UTF8*$!
{
	archiveVersion = 1;
	classes = {
	};
	objectVersion = 46;
	objects = {

/* Begin PBXBuildFile section */
		F4B4952C1A9788D6006132CB /* main.m in Sources */ = {isa = PBXBuildFile; fileRef = F4B4952B1A9788D6006132CB /* main.m */; };
		F4B4952F1A9788D6006132CB /* AppDelegate.m in Sources */ = {isa = PBXBuildFile; fileRef = F4B4952E1A9788D6006132CB /* AppDelegate.m */; };
		F4B495321A9788D6006132CB /* FirstViewController.m in Sources */ = {isa = PBXBuildFile; fileRef = F4B495311A9788D6006132CB /* FirstViewController.m */; };
		F4B495351A9788D6006132CB /* SecondViewController.m in Sources */ = {isa = PBXBuildFile; fileRef = F4B495341A9788D6006132CB /* SecondViewController.m */; };
		F4B495381A9788D6006132CB /* Main.storyboard in Resources */ = {isa = PBXBuildFile; fileRef = F4B495361A9788D6006132CB /* Main.storyboard */; };
		F4B4953A1A9788D6006132CB /* Images.xcassets in Resources */ = {isa = PBXBuildFile; fileRef = F4B495391A9788D6006132CB /* Images.xcassets */; };
		F4B4953D1A9788D6006132CB /* LaunchScreen.xib in Resources */ = {isa = PBXBuildFile; fileRef = F4B4953B1A9788D6006132CB /* LaunchScreen.xib */; };
		F4B495491A9788D6006132CB /* TrainingTests.m in Sources */ = {isa = PBXBuildFile; fileRef = F4B495481A9788D6006132CB /* TrainingTests.m */; };
/* End PBXBuildFile section */

/* Begin PBXContainerItemProxy section */
		F4B495431A9788D6006132CB /* PBXContainerItemProxy */ = {
			isa = PBXContainerItemProxy;
			containerPortal = F4B4951E1A9788D6006132CB /* Project object */;
			proxyType = 1;
			remoteGlobalIDString = F4B495251A9788D6006132CB;
			remoteInfo = Training;
		};
/* End PBXContainerItemProxy section */

/* Begin PBXFileReference section */
		F4B495261A9788D6006132CB /* Training.app */ = {isa = PBXFileReference; explicitFileType = wrapper.application; includeInIndex = 0; path = Training.app; sourceTree = BUILT_PRODUCTS_DIR; };
		F4B4952A1A9788D6006132CB /* Info.plist */ = {isa = PBXFileReference; lastKnownFileType = text.plist.xml; path = Info.plist; sourceTree = "<group>"; };
		F4B4952B1A9788D6006132CB /* main.m */ = {isa = PBXFileReference; lastKnownFileType = sourcecode.c.objc; path = main.m; sourceTree = "<group>"; };
		F4B4952D1A9788D6006132CB /* AppDelegate.h */ = {isa = PBXFileReference; lastKnownFileType = sourcecode.c.h; path = AppDelegate.h; sourceTree = "<group>"; };
		F4B4952E1A9788D6006132CB /* AppDelegate.m */ = {isa = PBXFileReference; lastKnownFileType = sourcecode.c.objc; path = AppDelegate.m; sourceTree = "<group>"; };
		F4B495301A9788D6006132CB /* FirstViewController.h */ = {isa = PBXFileReference; lastKnownFileType = sourcecode.c.h; path = FirstViewController.h; sourceTree = "<group>"; };
		F4B495311A9788D6006132CB /* FirstViewController.m */ = {isa = PBXFileReference; lastKnownFileType = sourcecode.c.objc; path = FirstViewController.m; sourceTree = "<group>"; };
		F4B495331A9788D6006132CB /* SecondViewController.h */ = {isa = PBXFileReference; lastKnownFileType = sourcecode.c.h; path = SecondViewController.h; sourceTree = "<group>"; };
		F4B495341A9788D6006132CB /* SecondViewController.m */ = {isa = PBXFileReference; lastKnownFileType = sourcecode.c.objc; path = SecondViewController.m; sourceTree = "<group>"; };
		F4B495371A9788D6006132CB /* Base */ = {isa = PBXFileReference; lastKnownFileType = file.storyboard; name = Base; path = Base.lproj/Main.storyboard; sourceTree = "<group>"; };
		F4B495391A9788D6006132CB /* Images.xcassets */ = {isa = PBXFileReference; lastKnownFileType = folder.assetcatalog; path = Images.xcassets; sourceTree = "<group>"; };
		F4B4953C1A9788D6006132CB /* Base */ = {isa = PBXFileReference; lastKnownFileType = file.xib; name = Base; path = Base.lproj/LaunchScreen.xib; sourceTree = "<group>"; };
		F4B495421A9788D6006132CB /* TrainingTests.xctest */ = {isa = PBXFileReference; explicitFileType = wrapper.cfbundle; includeInIndex = 0; path = TrainingTests.xctest; sourceTree = BUILT_PRODUCTS_DIR; };
		F4B495471A9788D6006132CB /* Info.plist */ = {isa = PBXFileReference; lastKnownFileType = text.plist.xml; path = Info.plist; sourceTree = "<group>"; };
		F4B495481A9788D6006132CB /* TrainingTests.m */ = {isa = PBXFileReference; lastKnownFileType = sourcecode.c.objc; path = TrainingTests.m; sourceTree = "<group>"; };
/* End PBXFileReference section */

/* Begin PBXFrameworksBuildPhase section */
		F4B495231A9788D6006132CB /* Frameworks */ = {
			isa = PBXFrameworksBuildPhase;
			buildActionMask = 2147483647;
			files = (
			);
			runOnlyForDeploymentPostprocessing = 0;
		};
		F4B4953F1A9788D6006132CB /* Frameworks */ = {
			isa = PBXFrameworksBuildPhase;
			buildActionMask = 2147483647;
			files = (
			);
			runOnlyForDeploymentPostprocessing = 0;
		};
/* End PBXFrameworksBuildPhase section */

/* Begin PBXGroup section */
		F4B4951D1A9788D6006132CB = {
			isa = PBXGroup;
			children = (
				F4B495281A9788D6006132CB /* Training */,
				F4B495451A9788D6006132CB /* TrainingTests */,
				F4B495271A9788D6006132CB /* Products */,
			);
			sourceTree = "<group>";
		};
		F4B495271A9788D6006132CB /* Products */ = {
			isa = PBXGroup;
			children = (
				F4B495261A9788D6006132CB /* Training.app */,
				F4B495421A9788D6006132CB /* TrainingTests.xctest */,
			);
			name = Products;
			sourceTree = "<group>";
		};
		F4B495281A9788D6006132CB /* Training */ = {
			isa = PBXGroup;
			children = (
				F4B4952D1A9788D6006132CB /* AppDelegate.h */,
				F4B4952E1A9788D6006132CB /* AppDelegate.m */,
				F4B495301A9788D6006132CB /* FirstViewController.h */,
				F4B495311A9788D6006132CB /* FirstViewController.m */,
				F4B495331A9788D6006132CB /* SecondViewController.h */,
				F4B495341A9788D6006132CB /* SecondViewController.m */,
				F4B495361A9788D6006132CB /* Main.storyboard */,
				F4B495391A9788D6006132CB /* Images.xcassets */,
				F4B4953B1A9788D6006132CB /* LaunchScreen.xib */,
				F4B495291A9788D6006132CB /* Supporting Files */,
			);
			path = Training;
			sourceTree = "<group>";
		};
		F4B495291A9788D6006132CB /* Supporting Files */ = {
			isa = PBXGroup;
			children = (
				F4B4952A1A9788D6006132CB /* Info.plist */,
				F4B4952B1A9788D6006132CB /* main.m */,
			);
			name = "Supporting Files";
			sourceTree = "<group>";
		};
		F4B495451A9788D6006132CB /* TrainingTests */ = {
			isa = PBXGroup;
			children = (
				F4B495481A9788D6006132CB /* TrainingTests.m */,
				F4B495461A9788D6006132CB /* Supporting Files */,
			);
			path = TrainingTests;
			sourceTree = "<group>";
		};
		F4B495461A9788D6006132CB /* Supporting Files */ = {
			isa = PBXGroup;
			children = (
				F4B495471A9788D6006132CB /* Info.plist */,
			);
			name = "Supporting Files";
			sourceTree = "<group>";
		};
/* End PBXGroup section */

/* Begin PBXNativeTarget section */
		F4B495251A9788D6006132CB /* Training */ = {
			isa = PBXNativeTarget;
			buildConfigurationList = F4B4954C1A9788D6006132CB /* Build configuration list for PBXNativeTarget "Training" */;
			buildPhases = (
				F4B495221A9788D6006132CB /* Sources */,
				F4B495231A9788D6006132CB /* Frameworks */,
				F4B495241A9788D6006132CB /* Resources */,
			);
			buildRules = (
			);
			dependencies = (
			);
			name = Training;
			productName = Training;
			productReference = F4B495261A9788D6006132CB /* Training.app */;
			productType = "com.apple.product-type.application";
		};
		F4B495411A9788D6006132CB /* TrainingTests */ = {
			isa = PBXNativeTarget;
			buildConfigurationList = F4B4954F1A9788D6006132CB /* Build configuration list for PBXNativeTarget "TrainingTests" */;
			buildPhases = (
				F4B4953E1A9788D6006132CB /* Sources */,
				F4B4953F1A9788D6006132CB /* Frameworks */,
				F4B495401A9788D6006132CB /* Resources */,
			);
			buildRules = (
			);
			dependencies = (
				F4B495441A9788D6006132CB /* PBXTargetDependency */,
			);
			name = TrainingTests;
			productName = TrainingTests;
			productReference = F4B495421A9788D6006132CB /* TrainingTests.xctest */;
			productType = "com.apple.product-type.bundle.unit-test";
		};
/* End PBXNativeTarget section */

/* Begin PBXProject section */
		F4B4951E1A9788D6006132CB /* Project object */ = {
			isa = PBXProject;
			attributes = {
				LastUpgradeCheck = 0610;
				ORGANIZATIONNAME = "María Eugenia Sakuda";
				TargetAttributes = {
					F4B495251A9788D6006132CB = {
						CreatedOnToolsVersion = 6.1.1;
					};
					F4B495411A9788D6006132CB = {
						CreatedOnToolsVersion = 6.1.1;
						TestTargetID = F4B495251A9788D6006132CB;
					};
				};
			};
			buildConfigurationList = F4B495211A9788D6006132CB /* Build configuration list for PBXProject "Training" */;
			compatibilityVersion = "Xcode 3.2";
			developmentRegion = English;
			hasScannedForEncodings = 0;
			knownRegions = (
				en,
				Base,
			);
			mainGroup = F4B4951D1A9788D6006132CB;
			productRefGroup = F4B495271A9788D6006132CB /* Products */;
			projectDirPath = "";
			projectRoot = "";
			targets = (
				F4B495251A9788D6006132CB /* Training */,
				F4B495411A9788D6006132CB /* TrainingTests */,
			);
		};
/* End PBXProject section */

/* Begin PBXResourcesBuildPhase section */
		F4B495241A9788D6006132CB /* Resources */ = {
			isa = PBXResourcesBuildPhase;
			buildActionMask = 2147483647;
			files = (
				F4B495381A9788D6006132CB /* Main.storyboard in Resources */,
				F4B4953D1A9788D6006132CB /* LaunchScreen.xib in Resources */,
				F4B4953A1A9788D6006132CB /* Images.xcassets in Resources */,
			);
			runOnlyForDeploymentPostprocessing = 0;
		};
		F4B495401A9788D6006132CB /* Resources */ = {
			isa = PBXResourcesBuildPhase;
			buildActionMask = 2147483647;
			files = (
			);
			runOnlyForDeploymentPostprocessing = 0;
		};
/* End PBXResourcesBuildPhase section */

/* Begin PBXSourcesBuildPhase section */
		F4B495221A9788D6006132CB /* Sources */ = {
			isa = PBXSourcesBuildPhase;
			buildActionMask = 2147483647;
			files = (
				F4B495351A9788D6006132CB /* SecondViewController.m in Sources */,
				F4B4952F1A9788D6006132CB /* AppDelegate.m in Sources */,
				F4B495321A9788D6006132CB /* FirstViewController.m in Sources */,
				F4B4952C1A9788D6006132CB /* main.m in Sources */,
			);
			runOnlyForDeploymentPostprocessing = 0;
		};
		F4B4953E1A9788D6006132CB /* Sources */ = {
			isa = PBXSourcesBuildPhase;
			buildActionMask = 2147483647;
			files = (
				F4B495491A9788D6006132CB /* TrainingTests.m in Sources */,
			);
			runOnlyForDeploymentPostprocessing = 0;
		};
/* End PBXSourcesBuildPhase section */

/* Begin PBXTargetDependency section */
		F4B495441A9788D6006132CB /* PBXTargetDependency */ = {
			isa = PBXTargetDependency;
			target = F4B495251A9788D6006132CB /* Training */;
			targetProxy = F4B495431A9788D6006132CB /* PBXContainerItemProxy */;
		};
/* End PBXTargetDependency section */

/* Begin PBXVariantGroup section */
		F4B495361A9788D6006132CB /* Main.storyboard */ = {
			isa = PBXVariantGroup;
			children = (
				F4B495371A9788D6006132CB /* Base */,
			);
			name = Main.storyboard;
			sourceTree = "<group>";
		};
		F4B4953B1A9788D6006132CB /* LaunchScreen.xib */ = {
			isa = PBXVariantGroup;
			children = (
				F4B4953C1A9788D6006132CB /* Base */,
			);
			name = LaunchScreen.xib;
			sourceTree = "<group>";
		};
/* End PBXVariantGroup section */

/* Begin XCBuildConfiguration section */
		F4B4954A1A9788D6006132CB /* Debug */ = {
			isa = XCBuildConfiguration;
			buildSettings = {
				ALWAYS_SEARCH_USER_PATHS = NO;
				CLANG_CXX_LANGUAGE_STANDARD = "gnu++0x";
				CLANG_CXX_LIBRARY = "libc++";
				CLANG_ENABLE_MODULES = YES;
				CLANG_ENABLE_OBJC_ARC = YES;
				CLANG_WARN_BOOL_CONVERSION = YES;
				CLANG_WARN_CONSTANT_CONVERSION = YES;
				CLANG_WARN_DIRECT_OBJC_ISA_USAGE = YES_ERROR;
				CLANG_WARN_EMPTY_BODY = YES;
				CLANG_WARN_ENUM_CONVERSION = YES;
				CLANG_WARN_INT_CONVERSION = YES;
				CLANG_WARN_OBJC_ROOT_CLASS = YES_ERROR;
				CLANG_WARN_UNREACHABLE_CODE = YES;
				CLANG_WARN__DUPLICATE_METHOD_MATCH = YES;
				"CODE_SIGN_IDENTITY[sdk=iphoneos*]" = "iPhone Developer";
				COPY_PHASE_STRIP = NO;
				ENABLE_STRICT_OBJC_MSGSEND = YES;
				GCC_C_LANGUAGE_STANDARD = gnu99;
				GCC_DYNAMIC_NO_PIC = NO;
				GCC_OPTIMIZATION_LEVEL = 0;
				GCC_PREPROCESSOR_DEFINITIONS = (
					"DEBUG=1",
					"$(inherited)",
				);
				GCC_SYMBOLS_PRIVATE_EXTERN = NO;
				GCC_WARN_64_TO_32_BIT_CONVERSION = YES;
				GCC_WARN_ABOUT_RETURN_TYPE = YES_ERROR;
				GCC_WARN_UNDECLARED_SELECTOR = YES;
				GCC_WARN_UNINITIALIZED_AUTOS = YES_AGGRESSIVE;
				GCC_WARN_UNUSED_FUNCTION = YES;
				GCC_WARN_UNUSED_VARIABLE = YES;
				IPHONEOS_DEPLOYMENT_TARGET = 8.1;
				MTL_ENABLE_DEBUG_INFO = YES;
				ONLY_ACTIVE_ARCH = YES;
				SDKROOT = iphoneos;
				TARGETED_DEVICE_FAMILY = "1,2";
			};
			name = Debug;
		};
		F4B4954B1A9788D6006132CB /* Release */ = {
			isa = XCBuildConfiguration;
			buildSettings = {
				ALWAYS_SEARCH_USER_PATHS = NO;
				CLANG_CXX_LANGUAGE_STANDARD = "gnu++0x";
				CLANG_CXX_LIBRARY = "libc++";
				CLANG_ENABLE_MODULES = YES;
				CLANG_ENABLE_OBJC_ARC = YES;
				CLANG_WARN_BOOL_CONVERSION = YES;
				CLANG_WARN_CONSTANT_CONVERSION = YES;
				CLANG_WARN_DIRECT_OBJC_ISA_USAGE = YES_ERROR;
				CLANG_WARN_EMPTY_BODY = YES;
				CLANG_WARN_ENUM_CONVERSION = YES;
				CLANG_WARN_INT_CONVERSION = YES;
				CLANG_WARN_OBJC_ROOT_CLASS = YES_ERROR;
				CLANG_WARN_UNREACHABLE_CODE = YES;
				CLANG_WARN__DUPLICATE_METHOD_MATCH = YES;
				"CODE_SIGN_IDENTITY[sdk=iphoneos*]" = "iPhone Developer";
				COPY_PHASE_STRIP = YES;
				ENABLE_NS_ASSERTIONS = NO;
				ENABLE_STRICT_OBJC_MSGSEND = YES;
				GCC_C_LANGUAGE_STANDARD = gnu99;
				GCC_WARN_64_TO_32_BIT_CONVERSION = YES;
				GCC_WARN_ABOUT_RETURN_TYPE = YES_ERROR;
				GCC_WARN_UNDECLARED_SELECTOR = YES;
				GCC_WARN_UNINITIALIZED_AUTOS = YES_AGGRESSIVE;
				GCC_WARN_UNUSED_FUNCTION = YES;
				GCC_WARN_UNUSED_VARIABLE = YES;
				IPHONEOS_DEPLOYMENT_TARGET = 8.1;
				MTL_ENABLE_DEBUG_INFO = NO;
				SDKROOT = iphoneos;
				TARGETED_DEVICE_FAMILY = "1,2";
				VALIDATE_PRODUCT = YES;
			};
			name = Release;
		};
		F4B4954D1A9788D6006132CB /* Debug */ = {
			isa = XCBuildConfiguration;
			buildSettings = {
				ASSETCATALOG_COMPILER_APPICON_NAME = AppIcon;
				INFOPLIST_FILE = Training/Info.plist;
				LD_RUNPATH_SEARCH_PATHS = "$(inherited) @executable_path/Frameworks";
				PRODUCT_NAME = "$(TARGET_NAME)";
			};
			name = Debug;
		};
		F4B4954E1A9788D6006132CB /* Release */ = {
			isa = XCBuildConfiguration;
			buildSettings = {
				ASSETCATALOG_COMPILER_APPICON_NAME = AppIcon;
				INFOPLIST_FILE = Training/Info.plist;
				LD_RUNPATH_SEARCH_PATHS = "$(inherited) @executable_path/Frameworks";
				PRODUCT_NAME = "$(TARGET_NAME)";
			};
			name = Release;
		};
		F4B495501A9788D6006132CB /* Debug */ = {
			isa = XCBuildConfiguration;
			buildSettings = {
				BUNDLE_LOADER = "$(TEST_HOST)";
				FRAMEWORK_SEARCH_PATHS = (
					"$(SDKROOT)/Developer/Library/Frameworks",
					"$(inherited)",
				);
				GCC_PREPROCESSOR_DEFINITIONS = (
					"DEBUG=1",
					"$(inherited)",
				);
				INFOPLIST_FILE = TrainingTests/Info.plist;
				LD_RUNPATH_SEARCH_PATHS = "$(inherited) @executable_path/Frameworks @loader_path/Frameworks";
				PRODUCT_NAME = "$(TARGET_NAME)";
				TEST_HOST = "$(BUILT_PRODUCTS_DIR)/Training.app/Training";
			};
			name = Debug;
		};
		F4B495511A9788D6006132CB /* Release */ = {
			isa = XCBuildConfiguration;
			buildSettings = {
				BUNDLE_LOADER = "$(TEST_HOST)";
				FRAMEWORK_SEARCH_PATHS = (
					"$(SDKROOT)/Developer/Library/Frameworks",
					"$(inherited)",
				);
				INFOPLIST_FILE = TrainingTests/Info.plist;
				LD_RUNPATH_SEARCH_PATHS = "$(inherited) @executable_path/Frameworks @loader_path/Frameworks";
				PRODUCT_NAME = "$(TARGET_NAME)";
				TEST_HOST = "$(BUILT_PRODUCTS_DIR)/Training.app/Training";
			};
			name = Release;
		};
/* End XCBuildConfiguration section */

/* Begin XCConfigurationList section */
		F4B495211A9788D6006132CB /* Build configuration list for PBXProject "Training" */ = {
			isa = XCConfigurationList;
			buildConfigurations = (
				F4B4954A1A9788D6006132CB /* Debug */,
				F4B4954B1A9788D6006132CB /* Release */,
			);
			defaultConfigurationIsVisible = 0;
			defaultConfigurationName = Release;
		};
		F4B4954C1A9788D6006132CB /* Build configuration list for PBXNativeTarget "Training" */ = {
			isa = XCConfigurationList;
			buildConfigurations = (
				F4B4954D1A9788D6006132CB /* Debug */,
				F4B4954E1A9788D6006132CB /* Release */,
			);
			defaultConfigurationIsVisible = 0;
		};
		F4B4954F1A9788D6006132CB /* Build configuration list for PBXNativeTarget "TrainingTests" */ = {
			isa = XCConfigurationList;
			buildConfigurations = (
				F4B495501A9788D6006132CB /* Debug */,
				F4B495511A9788D6006132CB /* Release */,
			);
			defaultConfigurationIsVisible = 0;
		};
/* End XCConfigurationList section */
	};
	rootObject = F4B4951E1A9788D6006132CB /* Project object */;
}
